# THIS IS AN AUTOGENERATED FILE. DO NOT EDIT THIS FILE DIRECTLY.
# yarn lockfile v1


"@aws-cdk/assets@1.97.0":
  version "1.97.0"
  resolved "https://registry.yarnpkg.com/@aws-cdk/assets/-/assets-1.97.0.tgz#96319c049530cd9cd7deeee157bb027e88468824"
  integrity sha512-4cWeGX08rLS5ab3n4Xbw4SSIiiDUoP7RB6Hq3GLfNWZkzMwkKGOooHZvFQ/ANErnXIy2966wpIQCTBYU//yWlg==
  dependencies:
    "@aws-cdk/core" "1.97.0"
    "@aws-cdk/cx-api" "1.97.0"
    constructs "^3.3.69"

"@aws-cdk/aws-applicationautoscaling@1.97.0":
  version "1.97.0"
  resolved "https://registry.yarnpkg.com/@aws-cdk/aws-applicationautoscaling/-/aws-applicationautoscaling-1.97.0.tgz#915eafd8900304ec1b681b19a074156107435b3a"
  integrity sha512-W8mttB8Yv5n2gaqfPLfC3aSkcjaGpxrgfzpS2N9G8Ji+s2vXtvZY+U//FVizfk6T2nN4KUnhqpgEHHq6pux6Nw==
  dependencies:
    "@aws-cdk/aws-autoscaling-common" "1.97.0"
    "@aws-cdk/aws-cloudwatch" "1.97.0"
    "@aws-cdk/aws-iam" "1.97.0"
    "@aws-cdk/core" "1.97.0"
    constructs "^3.3.69"

"@aws-cdk/aws-appsync@1.97.0":
  version "1.97.0"
  resolved "https://registry.yarnpkg.com/@aws-cdk/aws-appsync/-/aws-appsync-1.97.0.tgz#f4d7e2e2957726db96eebcfdb7afdab043a0a8d1"
  integrity sha512-3VU1XncMEZ36H5r4ys8ZerlUyWdp7KCr2f/weY1hy1UbIr1vfr5CWcj7SqWhcSbIbgNCR47O9MIrASSP4fRpPg==
  dependencies:
    "@aws-cdk/aws-cognito" "1.97.0"
    "@aws-cdk/aws-dynamodb" "1.97.0"
    "@aws-cdk/aws-ec2" "1.97.0"
    "@aws-cdk/aws-iam" "1.97.0"
    "@aws-cdk/aws-lambda" "1.97.0"
    "@aws-cdk/aws-rds" "1.97.0"
    "@aws-cdk/aws-s3-assets" "1.97.0"
    "@aws-cdk/aws-secretsmanager" "1.97.0"
    "@aws-cdk/core" "1.97.0"
    constructs "^3.3.69"

"@aws-cdk/aws-autoscaling-common@1.97.0":
  version "1.97.0"
  resolved "https://registry.yarnpkg.com/@aws-cdk/aws-autoscaling-common/-/aws-autoscaling-common-1.97.0.tgz#787bf58a94eb9be57a1c02dccadd9859f9ad6f1e"
  integrity sha512-HL1b53r0RR3+DMDOEsEbnT5ICdo262a8vEUNS5VBV49gy9pmGa16stxj7XiOW/rW0sykSk2d46ZJHmwT1E4KIA==
  dependencies:
    "@aws-cdk/aws-iam" "1.97.0"
    "@aws-cdk/core" "1.97.0"
    constructs "^3.3.69"

"@aws-cdk/aws-certificatemanager@1.97.0":
  version "1.97.0"
  resolved "https://registry.yarnpkg.com/@aws-cdk/aws-certificatemanager/-/aws-certificatemanager-1.97.0.tgz#1306209b89500476f790ea106e06e0b9fffcddbb"
  integrity sha512-4CpK0sg8gB2AkNzTbVfVElr8tPpKKQtS0F/lJnWfJZAzxD3/uHnv/YILy6rC544vVwHhTsXLb762vRJlytvz8g==
  dependencies:
    "@aws-cdk/aws-iam" "1.97.0"
    "@aws-cdk/aws-lambda" "1.97.0"
    "@aws-cdk/aws-route53" "1.97.0"
    "@aws-cdk/core" "1.97.0"
    constructs "^3.3.69"

"@aws-cdk/aws-cloudformation@1.97.0":
  version "1.97.0"
  resolved "https://registry.yarnpkg.com/@aws-cdk/aws-cloudformation/-/aws-cloudformation-1.97.0.tgz#869d467755fc196aaaec4f160402106d40a3f414"
  integrity sha512-MFWavjy2430e3drUvjaHTqMRAdulS7zpRh7BvsIhUyxF7I1M/42fqMvgze2Jk5nlorYVSkw5F7GJ3FUafj0x0A==
  dependencies:
    "@aws-cdk/aws-iam" "1.97.0"
    "@aws-cdk/aws-lambda" "1.97.0"
    "@aws-cdk/aws-s3" "1.97.0"
    "@aws-cdk/aws-sns" "1.97.0"
    "@aws-cdk/core" "1.97.0"
    "@aws-cdk/cx-api" "1.97.0"
    constructs "^3.3.69"

"@aws-cdk/aws-cloudwatch@1.97.0":
  version "1.97.0"
  resolved "https://registry.yarnpkg.com/@aws-cdk/aws-cloudwatch/-/aws-cloudwatch-1.97.0.tgz#d9a65e89a64b7e01497bf7fbef015304884c10d9"
  integrity sha512-+SA33W6MTYCBUCohCoVHI15dKEWoY8MA84Kr2N7Qw/zI2DPyLljg46z7JbKNRjh95udrLyGEA4JYzm0U8x3o2g==
  dependencies:
    "@aws-cdk/aws-iam" "1.97.0"
    "@aws-cdk/core" "1.97.0"
    constructs "^3.3.69"

"@aws-cdk/aws-codeguruprofiler@1.97.0":
  version "1.97.0"
  resolved "https://registry.yarnpkg.com/@aws-cdk/aws-codeguruprofiler/-/aws-codeguruprofiler-1.97.0.tgz#daad5bc4694eadd21058ed3b42afdc7a01fef621"
  integrity sha512-yZdoZAT3jtqP6gf38gA53fz/IukceIxNQwzMQRFLw5ZHESlN5v2wWhXIsAj4b2BEtX4SPmEUIYB6ng2UFGIQJg==
  dependencies:
    "@aws-cdk/aws-iam" "1.97.0"
    "@aws-cdk/core" "1.97.0"
    constructs "^3.3.69"

"@aws-cdk/aws-cognito@1.97.0":
  version "1.97.0"
  resolved "https://registry.yarnpkg.com/@aws-cdk/aws-cognito/-/aws-cognito-1.97.0.tgz#013ed4315541eea7ef525e267e02ddf65a8ba086"
  integrity sha512-a7M0jph3tBL3OLx61pLyGlrA3CrAyZQkCWMYBHEwPy88nSoj4qn5t302zHs7nYWcPQhpCRBNbCISpzcr4PPcxQ==
  dependencies:
    "@aws-cdk/aws-certificatemanager" "1.97.0"
    "@aws-cdk/aws-iam" "1.97.0"
    "@aws-cdk/aws-lambda" "1.97.0"
    "@aws-cdk/core" "1.97.0"
    "@aws-cdk/custom-resources" "1.97.0"
    constructs "^3.3.69"
    punycode "^2.1.1"

"@aws-cdk/aws-dynamodb@1.97.0":
  version "1.97.0"
  resolved "https://registry.yarnpkg.com/@aws-cdk/aws-dynamodb/-/aws-dynamodb-1.97.0.tgz#20b9e2cac0b99870716dd1de2377c000e6bfacd8"
  integrity sha512-sH3a0oTkOgCSCx1cnO+Ohg7AsNEIewH9WQzXcKQwyJvMx2NQon5/8968Ravce2LW+N6ZzoIFzwnfKuoNfl/QLw==
  dependencies:
    "@aws-cdk/aws-applicationautoscaling" "1.97.0"
    "@aws-cdk/aws-cloudwatch" "1.97.0"
    "@aws-cdk/aws-iam" "1.97.0"
    "@aws-cdk/aws-kms" "1.97.0"
    "@aws-cdk/aws-lambda" "1.97.0"
    "@aws-cdk/core" "1.97.0"
    "@aws-cdk/custom-resources" "1.97.0"
    constructs "^3.3.69"

"@aws-cdk/aws-ec2@1.97.0":
  version "1.97.0"
  resolved "https://registry.yarnpkg.com/@aws-cdk/aws-ec2/-/aws-ec2-1.97.0.tgz#3b8e38fc8fd481cae193e08d5e27e6bd9fadda5c"
  integrity sha512-jwwNVDGM0D/gksSfzKOhxQKnZAPvlV7wT9ERGIHBcE3AsUt9/D+TW6w4DSesjcY9wqfoLtsFB12H++8ceO3J7w==
  dependencies:
    "@aws-cdk/aws-cloudwatch" "1.97.0"
    "@aws-cdk/aws-iam" "1.97.0"
    "@aws-cdk/aws-kms" "1.97.0"
    "@aws-cdk/aws-logs" "1.97.0"
    "@aws-cdk/aws-s3" "1.97.0"
    "@aws-cdk/aws-s3-assets" "1.97.0"
    "@aws-cdk/aws-ssm" "1.97.0"
    "@aws-cdk/cloud-assembly-schema" "1.97.0"
    "@aws-cdk/core" "1.97.0"
    "@aws-cdk/cx-api" "1.97.0"
    "@aws-cdk/region-info" "1.97.0"
    constructs "^3.3.69"

"@aws-cdk/aws-ecr-assets@1.97.0":
  version "1.97.0"
  resolved "https://registry.yarnpkg.com/@aws-cdk/aws-ecr-assets/-/aws-ecr-assets-1.97.0.tgz#36422b9f1177858d40e931d82ca47e704d39e644"
  integrity sha512-KeZlaoEU/VeC6WGFw3zSpEAP0L/ehYvJ7hRarEeabgZrOXRzejJNUoN0Z656+XwZ8DyN27XE4bywTgkkhUIjng==
  dependencies:
    "@aws-cdk/assets" "1.97.0"
    "@aws-cdk/aws-ecr" "1.97.0"
    "@aws-cdk/aws-iam" "1.97.0"
    "@aws-cdk/aws-s3" "1.97.0"
    "@aws-cdk/core" "1.97.0"
    "@aws-cdk/cx-api" "1.97.0"
    constructs "^3.3.69"
    minimatch "^3.0.4"

"@aws-cdk/aws-ecr@1.97.0":
  version "1.97.0"
  resolved "https://registry.yarnpkg.com/@aws-cdk/aws-ecr/-/aws-ecr-1.97.0.tgz#2fbd53e7997408462ced38925cc1f062b48ef9e2"
  integrity sha512-n/i6FMjffzujTKovKlI/D3EnSAs6hxZ4wD5bo0De1ApKj5C/emEzB7+7OiG80paK9+hSxeKK82m+Ro2LWgrvWg==
  dependencies:
    "@aws-cdk/aws-events" "1.97.0"
    "@aws-cdk/aws-iam" "1.97.0"
    "@aws-cdk/core" "1.97.0"
    constructs "^3.3.69"

"@aws-cdk/aws-efs@1.97.0":
  version "1.97.0"
  resolved "https://registry.yarnpkg.com/@aws-cdk/aws-efs/-/aws-efs-1.97.0.tgz#dff62e8f401cf73aaf0afd32290fc1e755919b43"
  integrity sha512-cdO7O5aljKV6dvhKRb/pg2lVrHMIz8zSu9FpY2XAxs8HUw8CvcnFSrzowSJavE9P2+JAnHonEMVKeyzfNhL+CA==
  dependencies:
    "@aws-cdk/aws-ec2" "1.97.0"
    "@aws-cdk/aws-kms" "1.97.0"
    "@aws-cdk/cloud-assembly-schema" "1.97.0"
    "@aws-cdk/core" "1.97.0"
    "@aws-cdk/cx-api" "1.97.0"
    constructs "^3.3.69"

"@aws-cdk/aws-events@1.97.0":
  version "1.97.0"
  resolved "https://registry.yarnpkg.com/@aws-cdk/aws-events/-/aws-events-1.97.0.tgz#fef714e207ff9110ebb4f851e5726b3a6baf9f99"
  integrity sha512-vi+qtUgSHuTpPHF0sBW03qxeMhlw/YOHFi3sN28/Bq7W7VpjYA/avrLVSSpcBPzGN8vlC+6jKJAQQZLpSqRJbA==
  dependencies:
    "@aws-cdk/aws-iam" "1.97.0"
    "@aws-cdk/core" "1.97.0"
    constructs "^3.3.69"

"@aws-cdk/aws-iam@1.97.0":
  version "1.97.0"
  resolved "https://registry.yarnpkg.com/@aws-cdk/aws-iam/-/aws-iam-1.97.0.tgz#8ac9a5a6c707a2d8129593b3381db19561754aab"
  integrity sha512-WV+1T5Payi3QR8uoEQRgeOVK9zP0cJ2KNRr2Y5Sa6oEMPTaZZxxX2zJ+pkGf9DdNmEChMSarHRMXJ1a3AHGjQg==
  dependencies:
    "@aws-cdk/core" "1.97.0"
    "@aws-cdk/region-info" "1.97.0"
    constructs "^3.3.69"

"@aws-cdk/aws-kms@1.97.0":
  version "1.97.0"
  resolved "https://registry.yarnpkg.com/@aws-cdk/aws-kms/-/aws-kms-1.97.0.tgz#f3479af44ec7b4a99637c3965152f9ef7361888b"
  integrity sha512-1oY6Z5ctqV48qlybu6ZszlYgtea+IxnxSJB3/2lbIZgmFWXLfRn8aWo28E1vN10vAgS+Rl67Thq9dLuggvIgmw==
  dependencies:
    "@aws-cdk/aws-iam" "1.97.0"
    "@aws-cdk/core" "1.97.0"
    "@aws-cdk/cx-api" "1.97.0"
    constructs "^3.3.69"

"@aws-cdk/aws-lambda-nodejs@1.97.0":
  version "1.97.0"
  resolved "https://registry.yarnpkg.com/@aws-cdk/aws-lambda-nodejs/-/aws-lambda-nodejs-1.97.0.tgz#1824c26ff08566bca18d7fbd235069fc5eb4e91d"
  integrity sha512-1JX8vmp3srFOaeuMQ+uOe6QpwiCpwd2Kl7ET2qYekajoIOHbHUvpwZpZunQdvk6cmbTgPNhxvDcqhpqpoo+L4A==
  dependencies:
    "@aws-cdk/aws-lambda" "1.97.0"
    "@aws-cdk/core" "1.97.0"
    constructs "^3.3.69"

"@aws-cdk/aws-lambda@1.97.0":
  version "1.97.0"
  resolved "https://registry.yarnpkg.com/@aws-cdk/aws-lambda/-/aws-lambda-1.97.0.tgz#3404c20c39c02c382b3c7967caef7df750aa8184"
  integrity sha512-8Op9oAWIDeHdDu5kx+UH9xXHdj3RIW9eE0JeA3Gh7lNMD3AL6VAm29/QCt9sPyWnRRDgjhPVvw2h6mU9IQKa1w==
  dependencies:
    "@aws-cdk/aws-applicationautoscaling" "1.97.0"
    "@aws-cdk/aws-cloudwatch" "1.97.0"
    "@aws-cdk/aws-codeguruprofiler" "1.97.0"
    "@aws-cdk/aws-ec2" "1.97.0"
    "@aws-cdk/aws-ecr" "1.97.0"
    "@aws-cdk/aws-ecr-assets" "1.97.0"
    "@aws-cdk/aws-efs" "1.97.0"
    "@aws-cdk/aws-events" "1.97.0"
    "@aws-cdk/aws-iam" "1.97.0"
    "@aws-cdk/aws-kms" "1.97.0"
    "@aws-cdk/aws-logs" "1.97.0"
    "@aws-cdk/aws-s3" "1.97.0"
    "@aws-cdk/aws-s3-assets" "1.97.0"
    "@aws-cdk/aws-signer" "1.97.0"
    "@aws-cdk/aws-sqs" "1.97.0"
    "@aws-cdk/core" "1.97.0"
    "@aws-cdk/cx-api" "1.97.0"
    constructs "^3.3.69"

"@aws-cdk/aws-logs@1.97.0":
  version "1.97.0"
  resolved "https://registry.yarnpkg.com/@aws-cdk/aws-logs/-/aws-logs-1.97.0.tgz#c9eaf40bcf49eca7142decd43b139696d135aa9f"
  integrity sha512-lJhDLCoWC1qdLAsTZggWkQcOz5EXJHSEuzEzd8w75YW3r75jm6N8GHvyzuck2xyW1upa5vVpbj12FJmlqnQJBQ==
  dependencies:
    "@aws-cdk/aws-cloudwatch" "1.97.0"
    "@aws-cdk/aws-iam" "1.97.0"
    "@aws-cdk/aws-kms" "1.97.0"
    "@aws-cdk/aws-s3-assets" "1.97.0"
    "@aws-cdk/core" "1.97.0"
    constructs "^3.3.69"

"@aws-cdk/aws-rds@1.97.0":
  version "1.97.0"
  resolved "https://registry.yarnpkg.com/@aws-cdk/aws-rds/-/aws-rds-1.97.0.tgz#1bc33ab40e344693b83369dc0e28a77dd95c12d9"
  integrity sha512-vbf32IqSjp5glgI4lnXQjT3adYYhOcbyyjKai6yz+7+LgBItRCHcwOa/I5VaDtZlP/+xFw3XIE4FJpfc2hR+cQ==
  dependencies:
    "@aws-cdk/aws-cloudwatch" "1.97.0"
    "@aws-cdk/aws-ec2" "1.97.0"
    "@aws-cdk/aws-events" "1.97.0"
    "@aws-cdk/aws-iam" "1.97.0"
    "@aws-cdk/aws-kms" "1.97.0"
    "@aws-cdk/aws-logs" "1.97.0"
    "@aws-cdk/aws-s3" "1.97.0"
    "@aws-cdk/aws-secretsmanager" "1.97.0"
    "@aws-cdk/core" "1.97.0"
    "@aws-cdk/cx-api" "1.97.0"
    constructs "^3.3.69"

"@aws-cdk/aws-route53@1.97.0":
  version "1.97.0"
  resolved "https://registry.yarnpkg.com/@aws-cdk/aws-route53/-/aws-route53-1.97.0.tgz#2aded065c9188848b78de057212cf59181cc18ae"
  integrity sha512-ccFY+/uqbPnV/v09MWhkj61bFPLAcb6fBq/mVZJFesF4K4Ky9SCtOnB0Q4n3JWZu2QTO4NQwvUPEFaeJbAHZ5w==
  dependencies:
    "@aws-cdk/aws-ec2" "1.97.0"
    "@aws-cdk/aws-iam" "1.97.0"
    "@aws-cdk/aws-logs" "1.97.0"
    "@aws-cdk/cloud-assembly-schema" "1.97.0"
    "@aws-cdk/core" "1.97.0"
    "@aws-cdk/custom-resources" "1.97.0"
    constructs "^3.3.69"

"@aws-cdk/aws-s3-assets@1.97.0":
  version "1.97.0"
  resolved "https://registry.yarnpkg.com/@aws-cdk/aws-s3-assets/-/aws-s3-assets-1.97.0.tgz#0bc768864bc9927280e3e404386768dd11620064"
  integrity sha512-SRqT7jqWBRICMu+/9prJqalgZlryjlVz+idOgWcdDfXJMVfNkAEug7NPgnNSFhX80ZZUjJ2CI9JwFvVRMan7lg==
  dependencies:
    "@aws-cdk/assets" "1.97.0"
    "@aws-cdk/aws-iam" "1.97.0"
    "@aws-cdk/aws-kms" "1.97.0"
    "@aws-cdk/aws-s3" "1.97.0"
    "@aws-cdk/core" "1.97.0"
    "@aws-cdk/cx-api" "1.97.0"
    constructs "^3.3.69"

"@aws-cdk/aws-s3@1.97.0":
  version "1.97.0"
  resolved "https://registry.yarnpkg.com/@aws-cdk/aws-s3/-/aws-s3-1.97.0.tgz#e5564f8cf10926b5938863a76d13edbdbbb9623d"
  integrity sha512-5YSIQXvQKFdbopEGy3mdmRxAQ3VR7mRj6EvPs4JcIEX4g/eejHQS/NerD3rPOywh+K4zCT+ntR5a/0qm0jlvcw==
  dependencies:
    "@aws-cdk/aws-events" "1.97.0"
    "@aws-cdk/aws-iam" "1.97.0"
    "@aws-cdk/aws-kms" "1.97.0"
    "@aws-cdk/core" "1.97.0"
    "@aws-cdk/cx-api" "1.97.0"
    constructs "^3.3.69"

"@aws-cdk/aws-sam@1.97.0":
  version "1.97.0"
  resolved "https://registry.yarnpkg.com/@aws-cdk/aws-sam/-/aws-sam-1.97.0.tgz#2d29d075acf6234ce2289c3ac02981ff5304637b"
  integrity sha512-l56GMunTDcMdELgUOMZPbVQzVqXP+l3RlRPaapMtaNZ7Y9z2F1dHlMR+Fjadg38DBKguNtSpdMz9JN6Brd+KrQ==
  dependencies:
    "@aws-cdk/core" "1.97.0"
    constructs "^3.3.69"

"@aws-cdk/aws-secretsmanager@1.97.0":
  version "1.97.0"
  resolved "https://registry.yarnpkg.com/@aws-cdk/aws-secretsmanager/-/aws-secretsmanager-1.97.0.tgz#f2d1ec3e9af36080754e33a3056a2a791bfc8557"
  integrity sha512-bIDFa0i/xZ5FIROSIikTjzJImGWZM+I5F4SfVgaaGLEnkSk4+nx8ngGgvXBycZZPWbS3EcTLD7iy8PEiCpTELA==
  dependencies:
    "@aws-cdk/aws-ec2" "1.97.0"
    "@aws-cdk/aws-iam" "1.97.0"
    "@aws-cdk/aws-kms" "1.97.0"
    "@aws-cdk/aws-lambda" "1.97.0"
    "@aws-cdk/aws-sam" "1.97.0"
    "@aws-cdk/core" "1.97.0"
    "@aws-cdk/cx-api" "1.97.0"
    constructs "^3.3.69"

"@aws-cdk/aws-signer@1.97.0":
  version "1.97.0"
  resolved "https://registry.yarnpkg.com/@aws-cdk/aws-signer/-/aws-signer-1.97.0.tgz#44efebf200dd2b3f7ff4d3846fdaa19ab841c1f7"
  integrity sha512-Ik1QeqNI+SPRW9uDUi3sSw3h3PEnUoUxDA97gGwZeLhXxerkNDVOnIr+RE8a+8nYtRk8aIK2nUSsLflIbBiwhQ==
  dependencies:
    "@aws-cdk/core" "1.97.0"
    constructs "^3.3.69"

"@aws-cdk/aws-sns@1.97.0":
  version "1.97.0"
  resolved "https://registry.yarnpkg.com/@aws-cdk/aws-sns/-/aws-sns-1.97.0.tgz#ee37ebeafc934a4288e3dcb174e8954efd23676f"
  integrity sha512-u+iskHjeQAMJsc8DitaYMiZvAKPM0Plg07Qi3CdEj7cFZgJ3PXZU3aPXzq99DSU9TJwa2XmuISngRkm43RD7Pw==
  dependencies:
    "@aws-cdk/aws-cloudwatch" "1.97.0"
    "@aws-cdk/aws-events" "1.97.0"
    "@aws-cdk/aws-iam" "1.97.0"
    "@aws-cdk/aws-kms" "1.97.0"
    "@aws-cdk/aws-sqs" "1.97.0"
    "@aws-cdk/core" "1.97.0"
    constructs "^3.3.69"

"@aws-cdk/aws-sqs@1.97.0":
  version "1.97.0"
  resolved "https://registry.yarnpkg.com/@aws-cdk/aws-sqs/-/aws-sqs-1.97.0.tgz#713f004747193edb39bb176a9ddf768563546773"
  integrity sha512-vhDOb5UuPdWgUmWpMVazKH3uhsCrJrslvHZa8NtlCDvzza+k7SMFXw2yl/11mBuIx4uhSwyc31Xf2/kladAYjg==
  dependencies:
    "@aws-cdk/aws-cloudwatch" "1.97.0"
    "@aws-cdk/aws-iam" "1.97.0"
    "@aws-cdk/aws-kms" "1.97.0"
    "@aws-cdk/core" "1.97.0"
    constructs "^3.3.69"

"@aws-cdk/aws-ssm@1.97.0":
  version "1.97.0"
  resolved "https://registry.yarnpkg.com/@aws-cdk/aws-ssm/-/aws-ssm-1.97.0.tgz#dbafe0cdc55191b7d4435c2d64f801e7a6661e3a"
  integrity sha512-72XNFF/m8ae1X8Aeti7j/LVL2kxoBf4Xt05CTypkwxG0NScu4eQxgdUOVNLR3mBAZp3iIpRTe9KERabF2MjuEQ==
  dependencies:
    "@aws-cdk/aws-iam" "1.97.0"
    "@aws-cdk/aws-kms" "1.97.0"
    "@aws-cdk/cloud-assembly-schema" "1.97.0"
    "@aws-cdk/core" "1.97.0"
    constructs "^3.3.69"

"@aws-cdk/cloud-assembly-schema@1.97.0":
  version "1.97.0"
  resolved "https://registry.yarnpkg.com/@aws-cdk/cloud-assembly-schema/-/cloud-assembly-schema-1.97.0.tgz#144eb094990bbc694a84afed0e998fcc67107ae4"
  integrity sha512-rtvuwuzhNDGnHdLIcCw8dHdCHAPwUpVUvVaQdCX0QS0YHAH7n5QEYmOOXexvJtuedYkH3FslrMmXxy4vnpYzgA==
  dependencies:
    jsonschema "^1.4.0"
    semver "^7.3.5"

"@aws-cdk/core@1.97.0":
  version "1.97.0"
  resolved "https://registry.yarnpkg.com/@aws-cdk/core/-/core-1.97.0.tgz#421702aad95b925c63af2f1210835a87a330db00"
  integrity sha512-P8kdcWyQlmexy7FIA8KkRtUcBnSbBSg36vzsqCkRJySWgii4XKlRugyr6T8eRK6T74ZGu+OvSBD4izeDAO0SQQ==
  dependencies:
    "@aws-cdk/cloud-assembly-schema" "1.97.0"
    "@aws-cdk/cx-api" "1.97.0"
    "@aws-cdk/region-info" "1.97.0"
    "@balena/dockerignore" "^1.0.2"
    constructs "^3.3.69"
    fs-extra "^9.1.0"
    ignore "^5.1.8"
    minimatch "^3.0.4"

"@aws-cdk/custom-resources@1.97.0":
  version "1.97.0"
  resolved "https://registry.yarnpkg.com/@aws-cdk/custom-resources/-/custom-resources-1.97.0.tgz#8a980bb3e4f60f9caacc2d22a0af6af5744a55fe"
  integrity sha512-f8PQuB16ift20cbyleBwvFVbTvIXt36489PkTB6K/VkOKLPhc5X/zzs7phTvMmh9kD0TTxUUaSBbILWifOGLMw==
  dependencies:
    "@aws-cdk/aws-cloudformation" "1.97.0"
    "@aws-cdk/aws-ec2" "1.97.0"
    "@aws-cdk/aws-iam" "1.97.0"
    "@aws-cdk/aws-lambda" "1.97.0"
    "@aws-cdk/aws-logs" "1.97.0"
    "@aws-cdk/aws-sns" "1.97.0"
    "@aws-cdk/core" "1.97.0"
    constructs "^3.3.69"

"@aws-cdk/cx-api@1.97.0":
  version "1.97.0"
  resolved "https://registry.yarnpkg.com/@aws-cdk/cx-api/-/cx-api-1.97.0.tgz#9f9698fe783eef684a999451dd6d8f586f230de3"
  integrity sha512-lOof3r5eIQjdi+OchUlqbWAGebEmuAeXhaMu6Hi9Y39p8TyxKbJ+iaHGlwSqUHx9eR18df1wrr8qx53uMXdj0g==
  dependencies:
    "@aws-cdk/cloud-assembly-schema" "1.97.0"
    semver "^7.3.5"

"@aws-cdk/region-info@1.97.0":
  version "1.97.0"
  resolved "https://registry.yarnpkg.com/@aws-cdk/region-info/-/region-info-1.97.0.tgz#5b46a4ca9492b2ddb1724c3d981ef2b5080405d6"
  integrity sha512-I3MVCdzVeILLJEf4owcJy2qzoOx/wqVmg8b+YJ0PThVzQPeC2e3uXWzU3Ehj5sgn5W0ZgUDvD9sVhtgsAzFA5Q==

"@balena/dockerignore@^1.0.2":
  version "1.0.2"
  resolved "https://registry.yarnpkg.com/@balena/dockerignore/-/dockerignore-1.0.2.tgz#9ffe4726915251e8eb69f44ef3547e0da2c03e0d"
  integrity sha512-wMue2Sy4GAVTk6Ic4tJVcnfdau+gx2EnG7S+uAEe+TWJFqE4YoWN4/H8MSLj4eYJKxGg26lZwboEniNiNwZQ6Q==

"@types/js-yaml@4.0.0":
  version "4.0.0"
  resolved "https://registry.yarnpkg.com/@types/js-yaml/-/js-yaml-4.0.0.tgz#d1a11688112091f2c711674df3a65ea2f47b5dfb"
  integrity sha512-4vlpCM5KPCL5CfGmTbpjwVKbISRYhduEJvvUWsH5EB7QInhEj94XPZ3ts/9FPiLZFqYO0xoW4ZL8z2AabTGgJA==

"@types/node@14.14.37":
  version "14.14.37"
  resolved "https://registry.yarnpkg.com/@types/node/-/node-14.14.37.tgz#a3dd8da4eb84a996c36e331df98d82abd76b516e"
  integrity sha512-XYmBiy+ohOR4Lh5jE379fV2IU+6Jn4g5qASinhitfyO71b/sCo6MKsMLF5tc7Zf2CE8hViVQyYSobJNke8OvUw==

arg@^4.1.0:
  version "4.1.3"
  resolved "https://registry.yarnpkg.com/arg/-/arg-4.1.3.tgz#269fc7ad5b8e42cb63c896d5666017261c144089"
  integrity sha512-58S9QDqG0Xx27YwPSt9fJxivjYl432YCwfDMfZ+71RAqUrZef7LrKQZ3LHLOwCS4FLNBplP533Zx895SeOCHvA==

argparse@^2.0.1:
  version "2.0.1"
  resolved "https://registry.yarnpkg.com/argparse/-/argparse-2.0.1.tgz#246f50f3ca78a3240f6c997e8a9bd1eac49e4b38"
  integrity sha512-8+9WqebbFzpX9OR+Wa6O29asIogeRMzcGtAINdpMHHyAg10f05aSFVBbcEqGf/PXw1EjAZ+q2/bEBg3DvurK3Q==

at-least-node@^1.0.0:
  version "1.0.0"
  resolved "https://registry.yarnpkg.com/at-least-node/-/at-least-node-1.0.0.tgz#602cd4b46e844ad4effc92a8011a3c46e0238dc2"
  integrity sha512-+q/t7Ekv1EDY2l6Gda6LLiX14rU9TV20Wa3ofeQmwPFZbOMo9DXrLbOjFaaclkXKWidIaopwAObQDqwWtGUjqg==

balanced-match@^1.0.0:
  version "1.0.2"
  resolved "https://registry.yarnpkg.com/balanced-match/-/balanced-match-1.0.2.tgz#e83e3a7e3f300b34cb9d87f615fa0cbf357690ee"
  integrity sha512-3oSeUO0TMV67hN1AmbXsK4yaqU7tjiHlbxRDZOpH0KW9+CeX4bRAaX0Anxt0tx2MrpRpWwQaPwIlISEJhYU5Pw==

brace-expansion@^1.1.7:
  version "1.1.11"
  resolved "https://registry.yarnpkg.com/brace-expansion/-/brace-expansion-1.1.11.tgz#3c7fcbf529d87226f3d2f52b966ff5271eb441dd"
  integrity sha512-iCuPHDFgrHX7H2vEI/5xpz07zSHB00TpugqhmYtVmMO6518mCuRMoOYFldEBl0g187ufozdaHgWKcYFb61qGiA==
  dependencies:
    balanced-match "^1.0.0"
    concat-map "0.0.1"

buffer-from@^1.0.0:
  version "1.1.1"
  resolved "https://registry.yarnpkg.com/buffer-from/-/buffer-from-1.1.1.tgz#32713bc028f75c02fdb710d7c7bcec1f2c6070ef"
  integrity sha512-MQcXEUbCKtEo7bhqEs6560Hyd4XaovZlO/k9V3hjVUF/zwW7KBVdSK4gIt/bzwS9MbR5qob+F5jusZsb0YQK2A==

concat-map@0.0.1:
  version "0.0.1"
  resolved "https://registry.yarnpkg.com/concat-map/-/concat-map-0.0.1.tgz#d8a96bd77fd68df7793a73036a3ba0d5405d477b"
  integrity sha1-2Klr13/Wjfd5OnMDajug1UBdR3s=

constructs@^3.3.69:
  version "3.3.71"
  resolved "https://registry.yarnpkg.com/constructs/-/constructs-3.3.71.tgz#5a3e968de484ad327bc2650aa4a7f37a39834ac5"
  integrity sha512-3KFtTsA7OV27m/+pJhN4iJkKzHbPIPvyvEX5BQ/JCAWjfCHOQEVpIgxHLpT4i8L1OFta+pJrzcEVAHo6UitwqA==

create-require@^1.1.0:
  version "1.1.1"
  resolved "https://registry.yarnpkg.com/create-require/-/create-require-1.1.1.tgz#c1d7e8f1e5f6cfc9ff65f9cd352d37348756c333"
  integrity sha512-dcKFX3jn0MpIaXjisoRvexIJVEKzaq7z2rZKxf+MSr9TkdmHmsU4m2lcLojrj/FHl8mk5VxMmYA+ftRkP/3oKQ==

diff@^4.0.1:
  version "4.0.2"
  resolved "https://registry.yarnpkg.com/diff/-/diff-4.0.2.tgz#60f3aecb89d5fae520c11aa19efc2bb982aade7d"
  integrity sha512-58lmxKSA4BNyLz+HHMUzlOEpg09FV+ev6ZMe3vJihgdxzgcwZ8VoEEPmALCZG9LmqfVoNMMKpttIYTVG6uDY7A==

dotenv@8.2.0:
  version "8.2.0"
  resolved "https://registry.yarnpkg.com/dotenv/-/dotenv-8.2.0.tgz#97e619259ada750eea3e4ea3e26bceea5424b16a"
  integrity sha512-8sJ78ElpbDJBHNeBzUbUVLsqKdccaa/BXF1uPTw3GrvQTBgrQrtObr2mUrE38vzYd8cEv+m/JBfDLioYcfXoaw==

fs-extra@^9.1.0:
  version "9.1.0"
  resolved "https://registry.yarnpkg.com/fs-extra/-/fs-extra-9.1.0.tgz#5954460c764a8da2094ba3554bf839e6b9a7c86d"
  integrity sha512-hcg3ZmepS30/7BSFqRvoo3DOMQu7IjqxO5nCDt+zM9XWjb33Wg7ziNT+Qvqbuc3+gWpzO02JubVyk2G4Zvo1OQ==
  dependencies:
    at-least-node "^1.0.0"
    graceful-fs "^4.2.0"
    jsonfile "^6.0.1"
    universalify "^2.0.0"

graceful-fs@^4.1.6, graceful-fs@^4.2.0:
  version "4.2.6"
  resolved "https://registry.yarnpkg.com/graceful-fs/-/graceful-fs-4.2.6.tgz#ff040b2b0853b23c3d31027523706f1885d76bee"
  integrity sha512-nTnJ528pbqxYanhpDYsi4Rd8MAeaBA67+RZ10CM1m3bTAVFEDcd5AuA4a6W5YkGZ1iNXHzZz8T6TBKLeBuNriQ==

ignore@^5.1.8:
  version "5.1.8"
  resolved "https://registry.yarnpkg.com/ignore/-/ignore-5.1.8.tgz#f150a8b50a34289b33e22f5889abd4d8016f0e57"
  integrity sha512-BMpfD7PpiETpBl/A6S498BaIJ6Y/ABT93ETbby2fP00v4EbvPBXWEoaR1UBPKs3iR53pJY7EtZk5KACI57i1Uw==

js-yaml@^4.0.0:
  version "4.0.0"
  resolved "https://registry.yarnpkg.com/js-yaml/-/js-yaml-4.0.0.tgz#f426bc0ff4b4051926cd588c71113183409a121f"
  integrity sha512-pqon0s+4ScYUvX30wxQi3PogGFAlUyH0awepWvwkj4jD4v+ova3RiYw8bmA6x2rDrEaj8i/oWKoRxpVNW+Re8Q==
  dependencies:
    argparse "^2.0.1"

jsonfile@^6.0.1:
  version "6.1.0"
  resolved "https://registry.yarnpkg.com/jsonfile/-/jsonfile-6.1.0.tgz#bc55b2634793c679ec6403094eb13698a6ec0aae"
  integrity sha512-5dgndWOriYSm5cnYaJNhalLNDKOqFwyDB/rr1E9ZsGciGvKPs8R2xYGCacuf3z6K1YKDz182fd+fY3cn3pMqXQ==
  dependencies:
    universalify "^2.0.0"
  optionalDependencies:
    graceful-fs "^4.1.6"

jsonschema@^1.4.0:
  version "1.4.0"
  resolved "https://registry.yarnpkg.com/jsonschema/-/jsonschema-1.4.0.tgz#1afa34c4bc22190d8e42271ec17ac8b3404f87b2"
  integrity sha512-/YgW6pRMr6M7C+4o8kS+B/2myEpHCrxO4PEWnqJNBFMjn7EWXqlQ4tGwL6xTHeRplwuZmcAncdvfOad1nT2yMw==

lru-cache@^6.0.0:
  version "6.0.0"
  resolved "https://registry.yarnpkg.com/lru-cache/-/lru-cache-6.0.0.tgz#6d6fe6570ebd96aaf90fcad1dafa3b2566db3a94"
  integrity sha512-Jo6dJ04CmSjuznwJSS3pUeWmd/H0ffTlkXXgwZi+eq1UCmqQwCh+eLsYOYCwY991i2Fah4h1BEMCx4qThGbsiA==
  dependencies:
    yallist "^4.0.0"

make-error@^1.1.1:
  version "1.3.6"
  resolved "https://registry.yarnpkg.com/make-error/-/make-error-1.3.6.tgz#2eb2e37ea9b67c4891f684a1394799af484cf7a2"
  integrity sha512-s8UhlNe7vPKomQhC1qFelMokr/Sc3AgNbso3n74mVPA5LTZwkB9NlXf4XPamLxJE8h0gh73rM94xvwRT2CVInw==

minimatch@^3.0.4:
  version "3.0.4"
  resolved "https://registry.yarnpkg.com/minimatch/-/minimatch-3.0.4.tgz#5166e286457f03306064be5497e8dbb0c3d32083"
  integrity sha512-yJHVQEhyqPLUTgt9B83PXu6W3rx4MvvHvSUvToogpwoGDOUQ+yDrR0HRot+yOCdCO7u4hX3pWft6kWBBcqh0UA==
  dependencies:
    brace-expansion "^1.1.7"

punycode@^2.1.1:
  version "2.1.1"
  resolved "https://registry.yarnpkg.com/punycode/-/punycode-2.1.1.tgz#b58b010ac40c22c5657616c8d2c2c02c7bf479ec"
  integrity sha512-XRsRjdf+j5ml+y/6GKHPZbrF/8p2Yga0JPtdqTIY2Xe5ohJPD9saDJJLPvp9+NSBprVvevdXZybnj2cv8OEd0A==

semver@^7.3.5:
  version "7.3.5"
  resolved "https://registry.yarnpkg.com/semver/-/semver-7.3.5.tgz#0b621c879348d8998e4b0e4be94b3f12e6018ef7"
  integrity sha512-PoeGJYh8HK4BTO/a9Tf6ZG3veo/A7ZVsYrSA6J8ny9nb3B1VrpkuN+z9OE5wfE5p6H4LchYZsegiQgbJD94ZFQ==
  dependencies:
    lru-cache "^6.0.0"

source-map-support@^0.5.17:
  version "0.5.19"
  resolved "https://registry.yarnpkg.com/source-map-support/-/source-map-support-0.5.19.tgz#a98b62f86dcaf4f67399648c085291ab9e8fed61"
  integrity sha512-Wonm7zOCIJzBGQdB+thsPar0kYuCIzYvxZwlBa87yi/Mdjv7Tip2cyVbLj5o0cFPN4EVkuTwb3GDDyUx2DGnGw==
  dependencies:
    buffer-from "^1.0.0"
    source-map "^0.6.0"

source-map@^0.6.0:
  version "0.6.1"
  resolved "https://registry.yarnpkg.com/source-map/-/source-map-0.6.1.tgz#74722af32e9614e9c287a8d0bbde48b5e2f1a263"
  integrity sha512-UjgapumWlbMhkBgzT7Ykc5YXUT46F0iKu8SGXq0bcwP5dz/h0Plj6enJqjz1Zbq2l5WaqYnrVbwWOWMyF3F47g==

ts-node@9.1.1:
  version "9.1.1"
  resolved "https://registry.yarnpkg.com/ts-node/-/ts-node-9.1.1.tgz#51a9a450a3e959401bda5f004a72d54b936d376d"
  integrity sha512-hPlt7ZACERQGf03M253ytLY3dHbGNGrAq9qIHWUY9XHYl1z7wYngSr3OQ5xmui8o2AaxsONxIzjafLUiWBo1Fg==
  dependencies:
    arg "^4.1.0"
    create-require "^1.1.0"
    diff "^4.0.1"
    make-error "^1.1.1"
    source-map-support "^0.5.17"
    yn "3.1.1"

typescript@4.2.3:
  version "4.2.3"
  resolved "https://registry.yarnpkg.com/typescript/-/typescript-4.2.3.tgz#39062d8019912d43726298f09493d598048c1ce3"
  integrity sha512-qOcYwxaByStAWrBf4x0fibwZvMRG+r4cQoTjbPtUlrWjBHbmCAww1i448U0GJ+3cNNEtebDteo/cHOR3xJ4wEw==

universalify@^2.0.0:
  version "2.0.0"
  resolved "https://registry.yarnpkg.com/universalify/-/universalify-2.0.0.tgz#75a4984efedc4b08975c5aeb73f530d02df25717"
  integrity sha512-hAZsKq7Yy11Zu1DE0OzWjw7nnLZmJZYTDZZyEFHZdUhV8FkH5MCfoU1XMaxXovpyW5nq5scPqq0ZDP9Zyl04oQ==

yallist@^4.0.0:
  version "4.0.0"
  resolved "https://registry.yarnpkg.com/yallist/-/yallist-4.0.0.tgz#9bb92790d9c0effec63be73519e11a35019a3a72"
  integrity sha512-3wdGidZyq5PB084XLES5TpOSRA3wjXAlIWMhum2kRcv/41Sn2emQ0dycQW4uZXLejwKvg6EsvbdlVL+FYEct7A==

yn@3.1.1:
  version "3.1.1"
  resolved "https://registry.yarnpkg.com/yn/-/yn-3.1.1.tgz#1e87401a09d767c1d5eab26a6e4c185182d2eb50"
  integrity sha512-Ux4ygGWsu2c7isFWe8Yu1YluJmqVhxqK2cLXNQA5AcC3QfbGNpM7fu0Y8b/z16pXLnFxZYvWhd3fhBY9DLmC6Q==
